// !$*UTF8*$!
{
	archiveVersion = 1;
	classes = {
	};
	objectVersion = 46;
	objects = {

/* Begin PBXBuildFile section */
		F109187A18EFFB4B0064F5B7 /* window.cpp in Sources */ = {isa = PBXBuildFile; fileRef = F10917E418EFFB4A0064F5B7 /* window.cpp */; };
		F109187B18EFFB4B0064F5B7 /* util.cpp in Sources */ = {isa = PBXBuildFile; fileRef = F10917E718EFFB4A0064F5B7 /* util.cpp */; };
		F109187C18EFFB4B0064F5B7 /* transform.cpp in Sources */ = {isa = PBXBuildFile; fileRef = F10917E918EFFB4A0064F5B7 /* transform.cpp */; };
		F109187D18EFFB4B0064F5B7 /* texture.cpp in Sources */ = {isa = PBXBuildFile; fileRef = F10917EB18EFFB4A0064F5B7 /* texture.cpp */; };
		F109187E18EFFB4B0064F5B7 /* stb_image.c in Sources */ = {isa = PBXBuildFile; fileRef = F10917ED18EFFB4A0064F5B7 /* stb_image.c */; };
		F109187F18EFFB4B0064F5B7 /* shader.cpp in Sources */ = {isa = PBXBuildFile; fileRef = F10917EF18EFFB4A0064F5B7 /* shader.cpp */; };
		F109188018EFFB4B0064F5B7 /* sdl_backend.cpp in Sources */ = {isa = PBXBuildFile; fileRef = F10917F118EFFB4A0064F5B7 /* sdl_backend.cpp */; };
		F109188F18EFFB4B0064F5B7 /* renderUtil.cpp in Sources */ = {isa = PBXBuildFile; fileRef = F109180D18EFFB4A0064F5B7 /* renderUtil.cpp */; };
		F109189018EFFB4B0064F5B7 /* renderingEngine.cpp in Sources */ = {isa = PBXBuildFile; fileRef = F109180F18EFFB4A0064F5B7 /* renderingEngine.cpp */; };
		F109189118EFFB4B0064F5B7 /* obj_loader.cpp in Sources */ = {isa = PBXBuildFile; fileRef = F109181218EFFB4A0064F5B7 /* obj_loader.cpp */; };
		F109189218EFFB4B0064F5B7 /* mesh.cpp in Sources */ = {isa = PBXBuildFile; fileRef = F109181518EFFB4A0064F5B7 /* mesh.cpp */; };
		F109189318EFFB4B0064F5B7 /* math3d.cpp in Sources */ = {isa = PBXBuildFile; fileRef = F109181718EFFB4B0064F5B7 /* math3d.cpp */; };
		F109189418EFFB4B0064F5B7 /* main.cpp in Sources */ = {isa = PBXBuildFile; fileRef = F109181A18EFFB4B0064F5B7 /* main.cpp */; };
		F109189518EFFB4B0064F5B7 /* lighting.cpp in Sources */ = {isa = PBXBuildFile; fileRef = F109181C18EFFB4B0064F5B7 /* lighting.cpp */; };
		F109189D18EFFB4B0064F5B7 /* input.cpp in Sources */ = {isa = PBXBuildFile; fileRef = F109182618EFFB4B0064F5B7 /* input.cpp */; };
		F109189E18EFFB4B0064F5B7 /* gameObject.cpp in Sources */ = {isa = PBXBuildFile; fileRef = F109186D18EFFB4B0064F5B7 /* gameObject.cpp */; };
		F109189F18EFFB4B0064F5B7 /* game.cpp in Sources */ = {isa = PBXBuildFile; fileRef = F109187018EFFB4B0064F5B7 /* game.cpp */; };
		F10918A018EFFB4B0064F5B7 /* freeMove.cpp in Sources */ = {isa = PBXBuildFile; fileRef = F109187218EFFB4B0064F5B7 /* freeMove.cpp */; };
		F10918A118EFFB4B0064F5B7 /* freeLook.cpp in Sources */ = {isa = PBXBuildFile; fileRef = F109187418EFFB4B0064F5B7 /* freeLook.cpp */; };
		F10918A218EFFB4B0064F5B7 /* coreEngine.cpp in Sources */ = {isa = PBXBuildFile; fileRef = F109187618EFFB4B0064F5B7 /* coreEngine.cpp */; };
		F10918A318EFFB4B0064F5B7 /* camera.cpp in Sources */ = {isa = PBXBuildFile; fileRef = F109187818EFFB4B0064F5B7 /* camera.cpp */; };
		F109217218F019D40064F5B7 /* time.cpp in Sources */ = {isa = PBXBuildFile; fileRef = F109217118F019D40064F5B7 /* time.cpp */; };
		F11981CB18F1840C00AAD55F /* SDL2.framework in Frameworks */ = {isa = PBXBuildFile; fileRef = F11981CA18F1840C00AAD55F /* SDL2.framework */; };
		F11981CC18F1841700AAD55F /* SDL2.framework in CopyFiles */ = {isa = PBXBuildFile; fileRef = F11981CA18F1840C00AAD55F /* SDL2.framework */; };
		F11981CE18F1841700AAD55F /* OpenGL.framework in CopyFiles */ = {isa = PBXBuildFile; fileRef = F1C9C86118F1437B006ADCF8 /* OpenGL.framework */; };
		F11981CF18F1841700AAD55F /* libGLEW.1.10.0.dylib in CopyFiles */ = {isa = PBXBuildFile; fileRef = F1F5980118F142D40024FD1D /* libGLEW.1.10.0.dylib */; };
		F13D7A7918E95F780034C54C /* test.1 in CopyFiles */ = {isa = PBXBuildFile; fileRef = F13D7A7818E95F780034C54C /* test.1 */; };
		F1ACB61E18F0F38700A016EA /* glew32.lib in Sources */ = {isa = PBXBuildFile; fileRef = F109181E18EFFB4B0064F5B7 /* glew32.lib */; };
		F1ACB61F18F0F38700A016EA /* glew32mx.lib in Sources */ = {isa = PBXBuildFile; fileRef = F109181F18EFFB4B0064F5B7 /* glew32mx.lib */; };
		F1ACB62018F0F38700A016EA /* glew32mxs.lib in Sources */ = {isa = PBXBuildFile; fileRef = F109182018EFFB4B0064F5B7 /* glew32mxs.lib */; };
		F1ACB62118F0F38700A016EA /* glew32s.lib in Sources */ = {isa = PBXBuildFile; fileRef = F109182118EFFB4B0064F5B7 /* glew32s.lib */; };
		F1ACB62218F0F38700A016EA /* SDL2.lib in Sources */ = {isa = PBXBuildFile; fileRef = F109182218EFFB4B0064F5B7 /* SDL2.lib */; };
		F1ACB62318F0F38700A016EA /* SDL2main.lib in Sources */ = {isa = PBXBuildFile; fileRef = F109182318EFFB4B0064F5B7 /* SDL2main.lib */; };
		F1ACB62418F0F38700A016EA /* SDL2test.lib in Sources */ = {isa = PBXBuildFile; fileRef = F109182418EFFB4B0064F5B7 /* SDL2test.lib */; };
		F1C9C86218F1437B006ADCF8 /* OpenGL.framework in Frameworks */ = {isa = PBXBuildFile; fileRef = F1C9C86118F1437B006ADCF8 /* OpenGL.framework */; };
		F1F37C7B18F15CDB006294EE /* levelTest.obj in CopyFiles */ = {isa = PBXBuildFile; fileRef = F10917F418EFFB4A0064F5B7 /* levelTest.obj */; };
		F1F37C7C18F15CDB006294EE /* plane.obj in CopyFiles */ = {isa = PBXBuildFile; fileRef = F10917F518EFFB4A0064F5B7 /* plane.obj */; };
		F1F37C7D18F15CDB006294EE /* plane2.obj in CopyFiles */ = {isa = PBXBuildFile; fileRef = F10917F618EFFB4A0064F5B7 /* plane2.obj */; };
		F1F37C7E18F15CDB006294EE /* plane3.obj in CopyFiles */ = {isa = PBXBuildFile; fileRef = F10917F718EFFB4A0064F5B7 /* plane3.obj */; };
		F1F37C7F18F15CDB006294EE /* basicFragment.fs in CopyFiles */ = {isa = PBXBuildFile; fileRef = F10917F918EFFB4A0064F5B7 /* basicFragment.fs */; };
		F1F37C8018F15CDB006294EE /* basicFragment120.fs in CopyFiles */ = {isa = PBXBuildFile; fileRef = F10917FA18EFFB4A0064F5B7 /* basicFragment120.fs */; };
		F1F37C8118F15CDB006294EE /* basicVertex.vs in CopyFiles */ = {isa = PBXBuildFile; fileRef = F10917FB18EFFB4A0064F5B7 /* basicVertex.vs */; };
		F1F37C8218F15CDB006294EE /* basicVertex120.vs in CopyFiles */ = {isa = PBXBuildFile; fileRef = F10917FC18EFFB4A0064F5B7 /* basicVertex120.vs */; };
		F1F37C8318F15CDB006294EE /* forward-ambient.fs in CopyFiles */ = {isa = PBXBuildFile; fileRef = F10917FD18EFFB4A0064F5B7 /* forward-ambient.fs */; };
		F1F37C8418F15CDB006294EE /* forward-ambient.vs in CopyFiles */ = {isa = PBXBuildFile; fileRef = F10917FE18EFFB4A0064F5B7 /* forward-ambient.vs */; };
		F1F37C8518F15CDB006294EE /* forward-directional.fs in CopyFiles */ = {isa = PBXBuildFile; fileRef = F10917FF18EFFB4A0064F5B7 /* forward-directional.fs */; };
		F1F37C8618F15CDB006294EE /* forward-directional.vs in CopyFiles */ = {isa = PBXBuildFile; fileRef = F109180018EFFB4A0064F5B7 /* forward-directional.vs */; };
		F1F37C8718F15CDB006294EE /* forward-point.fs in CopyFiles */ = {isa = PBXBuildFile; fileRef = F109180118EFFB4A0064F5B7 /* forward-point.fs */; };
		F1F37C8818F15CDB006294EE /* forward-point.vs in CopyFiles */ = {isa = PBXBuildFile; fileRef = F109180218EFFB4A0064F5B7 /* forward-point.vs */; };
		F1F37C8918F15CDB006294EE /* forward-spot.fs in CopyFiles */ = {isa = PBXBuildFile; fileRef = F109180318EFFB4A0064F5B7 /* forward-spot.fs */; };
		F1F37C8A18F15CDB006294EE /* forward-spot.vs in CopyFiles */ = {isa = PBXBuildFile; fileRef = F109180418EFFB4A0064F5B7 /* forward-spot.vs */; };
		F1F37C8B18F15CDB006294EE /* lighting.glh in CopyFiles */ = {isa = PBXBuildFile; fileRef = F109180518EFFB4A0064F5B7 /* lighting.glh */; };
		F1F37C8C18F15CDB006294EE /* phongFragment.fs in CopyFiles */ = {isa = PBXBuildFile; fileRef = F109180618EFFB4A0064F5B7 /* phongFragment.fs */; };
		F1F37C8D18F15CDB006294EE /* phongVertex.vs in CopyFiles */ = {isa = PBXBuildFile; fileRef = F109180718EFFB4A0064F5B7 /* phongVertex.vs */; };
		F1F37C8E18F15CDB006294EE /* bricks.jpg in CopyFiles */ = {isa = PBXBuildFile; fileRef = F109180918EFFB4A0064F5B7 /* bricks.jpg */; };
		F1F37C8F18F15CDB006294EE /* test.png in CopyFiles */ = {isa = PBXBuildFile; fileRef = F109180A18EFFB4A0064F5B7 /* test.png */; };
		F1F37C9018F15CDB006294EE /* white.png in CopyFiles */ = {isa = PBXBuildFile; fileRef = F109180B18EFFB4A0064F5B7 /* white.png */; };
		F1F5980218F142D40024FD1D /* libGLEW.1.10.0.dylib in Frameworks */ = {isa = PBXBuildFile; fileRef = F1F5980118F142D40024FD1D /* libGLEW.1.10.0.dylib */; };
/* End PBXBuildFile section */

/* Begin PBXCopyFilesBuildPhase section */
		F13D7A7118E95F780034C54C /* CopyFiles */ = {
			isa = PBXCopyFilesBuildPhase;
			buildActionMask = 2147483647;
			dstPath = /usr/share/man/man1;
			dstSubfolderSpec = 0;
			files = (
				F11981CC18F1841700AAD55F /* SDL2.framework in CopyFiles */,
				F11981CE18F1841700AAD55F /* OpenGL.framework in CopyFiles */,
				F11981CF18F1841700AAD55F /* libGLEW.1.10.0.dylib in CopyFiles */,
				F1F37C7B18F15CDB006294EE /* levelTest.obj in CopyFiles */,
				F1F37C7C18F15CDB006294EE /* plane.obj in CopyFiles */,
				F1F37C7D18F15CDB006294EE /* plane2.obj in CopyFiles */,
				F1F37C7E18F15CDB006294EE /* plane3.obj in CopyFiles */,
				F1F37C7F18F15CDB006294EE /* basicFragment.fs in CopyFiles */,
				F1F37C8018F15CDB006294EE /* basicFragment120.fs in CopyFiles */,
				F1F37C8118F15CDB006294EE /* basicVertex.vs in CopyFiles */,
				F1F37C8218F15CDB006294EE /* basicVertex120.vs in CopyFiles */,
				F1F37C8318F15CDB006294EE /* forward-ambient.fs in CopyFiles */,
				F1F37C8418F15CDB006294EE /* forward-ambient.vs in CopyFiles */,
				F1F37C8518F15CDB006294EE /* forward-directional.fs in CopyFiles */,
				F1F37C8618F15CDB006294EE /* forward-directional.vs in CopyFiles */,
				F1F37C8718F15CDB006294EE /* forward-point.fs in CopyFiles */,
				F1F37C8818F15CDB006294EE /* forward-point.vs in CopyFiles */,
				F1F37C8918F15CDB006294EE /* forward-spot.fs in CopyFiles */,
				F1F37C8A18F15CDB006294EE /* forward-spot.vs in CopyFiles */,
				F1F37C8B18F15CDB006294EE /* lighting.glh in CopyFiles */,
				F1F37C8C18F15CDB006294EE /* phongFragment.fs in CopyFiles */,
				F1F37C8D18F15CDB006294EE /* phongVertex.vs in CopyFiles */,
				F1F37C8E18F15CDB006294EE /* bricks.jpg in CopyFiles */,
				F1F37C8F18F15CDB006294EE /* test.png in CopyFiles */,
				F1F37C9018F15CDB006294EE /* white.png in CopyFiles */,
				F13D7A7918E95F780034C54C /* test.1 in CopyFiles */,
			);
			runOnlyForDeploymentPostprocessing = 1;
		};
/* End PBXCopyFilesBuildPhase section */

/* Begin PBXFileReference section */
		F10917E318EFFB4A0064F5B7 /* window.h */ = {isa = PBXFileReference; fileEncoding = 4; lastKnownFileType = sourcecode.c.h; path = window.h; sourceTree = "<group>"; };
		F10917E418EFFB4A0064F5B7 /* window.cpp */ = {isa = PBXFileReference; fileEncoding = 4; lastKnownFileType = sourcecode.cpp.cpp; path = window.cpp; sourceTree = "<group>"; };
		F10917E518EFFB4A0064F5B7 /* vertex.h */ = {isa = PBXFileReference; fileEncoding = 4; lastKnownFileType = sourcecode.c.h; path = vertex.h; sourceTree = "<group>"; };
		F10917E618EFFB4A0064F5B7 /* util.h */ = {isa = PBXFileReference; fileEncoding = 4; lastKnownFileType = sourcecode.c.h; path = util.h; sourceTree = "<group>"; };
		F10917E718EFFB4A0064F5B7 /* util.cpp */ = {isa = PBXFileReference; fileEncoding = 4; lastKnownFileType = sourcecode.cpp.cpp; path = util.cpp; sourceTree = "<group>"; };
		F10917E818EFFB4A0064F5B7 /* transform.h */ = {isa = PBXFileReference; fileEncoding = 4; lastKnownFileType = sourcecode.c.h; path = transform.h; sourceTree = "<group>"; };
		F10917E918EFFB4A0064F5B7 /* transform.cpp */ = {isa = PBXFileReference; fileEncoding = 4; lastKnownFileType = sourcecode.cpp.cpp; path = transform.cpp; sourceTree = "<group>"; };
		F10917EA18EFFB4A0064F5B7 /* texture.h */ = {isa = PBXFileReference; fileEncoding = 4; lastKnownFileType = sourcecode.c.h; path = texture.h; sourceTree = "<group>"; };
		F10917EB18EFFB4A0064F5B7 /* texture.cpp */ = {isa = PBXFileReference; fileEncoding = 4; lastKnownFileType = sourcecode.cpp.cpp; path = texture.cpp; sourceTree = "<group>"; };
		F10917EC18EFFB4A0064F5B7 /* stb_image.h */ = {isa = PBXFileReference; fileEncoding = 4; lastKnownFileType = sourcecode.c.h; path = stb_image.h; sourceTree = "<group>"; };
		F10917ED18EFFB4A0064F5B7 /* stb_image.c */ = {isa = PBXFileReference; fileEncoding = 4; lastKnownFileType = sourcecode.c.c; path = stb_image.c; sourceTree = "<group>"; };
		F10917EE18EFFB4A0064F5B7 /* shader.h */ = {isa = PBXFileReference; fileEncoding = 4; lastKnownFileType = sourcecode.c.h; path = shader.h; sourceTree = "<group>"; };
		F10917EF18EFFB4A0064F5B7 /* shader.cpp */ = {isa = PBXFileReference; fileEncoding = 4; lastKnownFileType = sourcecode.cpp.cpp; path = shader.cpp; sourceTree = "<group>"; };
		F10917F018EFFB4A0064F5B7 /* sdl_backend.h */ = {isa = PBXFileReference; fileEncoding = 4; lastKnownFileType = sourcecode.c.h; path = sdl_backend.h; sourceTree = "<group>"; };
		F10917F118EFFB4A0064F5B7 /* sdl_backend.cpp */ = {isa = PBXFileReference; fileEncoding = 4; lastKnownFileType = sourcecode.cpp.cpp; path = sdl_backend.cpp; sourceTree = "<group>"; };
		F10917F418EFFB4A0064F5B7 /* levelTest.obj */ = {isa = PBXFileReference; fileEncoding = 4; lastKnownFileType = text; path = levelTest.obj; sourceTree = "<group>"; };
		F10917F518EFFB4A0064F5B7 /* plane.obj */ = {isa = PBXFileReference; fileEncoding = 4; lastKnownFileType = text; path = plane.obj; sourceTree = "<group>"; };
		F10917F618EFFB4A0064F5B7 /* plane2.obj */ = {isa = PBXFileReference; fileEncoding = 4; lastKnownFileType = text; path = plane2.obj; sourceTree = "<group>"; };
		F10917F718EFFB4A0064F5B7 /* plane3.obj */ = {isa = PBXFileReference; fileEncoding = 4; lastKnownFileType = text; path = plane3.obj; sourceTree = "<group>"; };
		F10917F918EFFB4A0064F5B7 /* basicFragment.fs */ = {isa = PBXFileReference; fileEncoding = 4; lastKnownFileType = sourcecode.glsl; path = basicFragment.fs; sourceTree = "<group>"; };
		F10917FA18EFFB4A0064F5B7 /* basicFragment120.fs */ = {isa = PBXFileReference; fileEncoding = 4; lastKnownFileType = sourcecode.glsl; path = basicFragment120.fs; sourceTree = "<group>"; };
		F10917FB18EFFB4A0064F5B7 /* basicVertex.vs */ = {isa = PBXFileReference; fileEncoding = 4; lastKnownFileType = sourcecode.glsl; path = basicVertex.vs; sourceTree = "<group>"; };
		F10917FC18EFFB4A0064F5B7 /* basicVertex120.vs */ = {isa = PBXFileReference; fileEncoding = 4; lastKnownFileType = sourcecode.glsl; path = basicVertex120.vs; sourceTree = "<group>"; };
		F10917FD18EFFB4A0064F5B7 /* forward-ambient.fs */ = {isa = PBXFileReference; fileEncoding = 4; lastKnownFileType = sourcecode.glsl; path = "forward-ambient.fs"; sourceTree = "<group>"; };
		F10917FE18EFFB4A0064F5B7 /* forward-ambient.vs */ = {isa = PBXFileReference; fileEncoding = 4; lastKnownFileType = sourcecode.glsl; path = "forward-ambient.vs"; sourceTree = "<group>"; };
		F10917FF18EFFB4A0064F5B7 /* forward-directional.fs */ = {isa = PBXFileReference; fileEncoding = 4; lastKnownFileType = sourcecode.glsl; path = "forward-directional.fs"; sourceTree = "<group>"; };
		F109180018EFFB4A0064F5B7 /* forward-directional.vs */ = {isa = PBXFileReference; fileEncoding = 4; lastKnownFileType = sourcecode.glsl; path = "forward-directional.vs"; sourceTree = "<group>"; };
		F109180118EFFB4A0064F5B7 /* forward-point.fs */ = {isa = PBXFileReference; fileEncoding = 4; lastKnownFileType = sourcecode.glsl; path = "forward-point.fs"; sourceTree = "<group>"; };
		F109180218EFFB4A0064F5B7 /* forward-point.vs */ = {isa = PBXFileReference; fileEncoding = 4; lastKnownFileType = sourcecode.glsl; path = "forward-point.vs"; sourceTree = "<group>"; };
		F109180318EFFB4A0064F5B7 /* forward-spot.fs */ = {isa = PBXFileReference; fileEncoding = 4; lastKnownFileType = sourcecode.glsl; path = "forward-spot.fs"; sourceTree = "<group>"; };
		F109180418EFFB4A0064F5B7 /* forward-spot.vs */ = {isa = PBXFileReference; fileEncoding = 4; lastKnownFileType = sourcecode.glsl; path = "forward-spot.vs"; sourceTree = "<group>"; };
		F109180518EFFB4A0064F5B7 /* lighting.glh */ = {isa = PBXFileReference; fileEncoding = 4; lastKnownFileType = text; path = lighting.glh; sourceTree = "<group>"; };
		F109180618EFFB4A0064F5B7 /* phongFragment.fs */ = {isa = PBXFileReference; fileEncoding = 4; lastKnownFileType = sourcecode.glsl; path = phongFragment.fs; sourceTree = "<group>"; };
		F109180718EFFB4A0064F5B7 /* phongVertex.vs */ = {isa = PBXFileReference; fileEncoding = 4; lastKnownFileType = sourcecode.glsl; path = phongVertex.vs; sourceTree = "<group>"; };
		F109180918EFFB4A0064F5B7 /* bricks.jpg */ = {isa = PBXFileReference; lastKnownFileType = image.jpeg; path = bricks.jpg; sourceTree = "<group>"; };
		F109180A18EFFB4A0064F5B7 /* test.png */ = {isa = PBXFileReference; lastKnownFileType = image.png; path = test.png; sourceTree = "<group>"; };
		F109180B18EFFB4A0064F5B7 /* white.png */ = {isa = PBXFileReference; lastKnownFileType = image.png; path = white.png; sourceTree = "<group>"; };
		F109180C18EFFB4A0064F5B7 /* renderUtil.h */ = {isa = PBXFileReference; fileEncoding = 4; lastKnownFileType = sourcecode.c.h; path = renderUtil.h; sourceTree = "<group>"; };
		F109180D18EFFB4A0064F5B7 /* renderUtil.cpp */ = {isa = PBXFileReference; fileEncoding = 4; lastKnownFileType = sourcecode.cpp.cpp; path = renderUtil.cpp; sourceTree = "<group>"; };
		F109180E18EFFB4A0064F5B7 /* renderingEngine.h */ = {isa = PBXFileReference; fileEncoding = 4; lastKnownFileType = sourcecode.c.h; path = renderingEngine.h; sourceTree = "<group>"; };
		F109180F18EFFB4A0064F5B7 /* renderingEngine.cpp */ = {isa = PBXFileReference; fileEncoding = 4; lastKnownFileType = sourcecode.cpp.cpp; path = renderingEngine.cpp; sourceTree = "<group>"; };
		F109181018EFFB4A0064F5B7 /* referenceCounter.h */ = {isa = PBXFileReference; fileEncoding = 4; lastKnownFileType = sourcecode.c.h; path = referenceCounter.h; sourceTree = "<group>"; };
		F109181118EFFB4A0064F5B7 /* obj_loader.h */ = {isa = PBXFileReference; fileEncoding = 4; lastKnownFileType = sourcecode.c.h; path = obj_loader.h; sourceTree = "<group>"; };
		F109181218EFFB4A0064F5B7 /* obj_loader.cpp */ = {isa = PBXFileReference; fileEncoding = 4; lastKnownFileType = sourcecode.cpp.cpp; path = obj_loader.cpp; sourceTree = "<group>"; };
		F109181318EFFB4A0064F5B7 /* meshRenderer.h */ = {isa = PBXFileReference; fileEncoding = 4; lastKnownFileType = sourcecode.c.h; path = meshRenderer.h; sourceTree = "<group>"; };
		F109181418EFFB4A0064F5B7 /* mesh.h */ = {isa = PBXFileReference; fileEncoding = 4; lastKnownFileType = sourcecode.c.h; path = mesh.h; sourceTree = "<group>"; };
		F109181518EFFB4A0064F5B7 /* mesh.cpp */ = {isa = PBXFileReference; fileEncoding = 4; lastKnownFileType = sourcecode.cpp.cpp; path = mesh.cpp; sourceTree = "<group>"; };
		F109181618EFFB4B0064F5B7 /* math3d.h */ = {isa = PBXFileReference; fileEncoding = 4; lastKnownFileType = sourcecode.c.h; path = math3d.h; sourceTree = "<group>"; };
		F109181718EFFB4B0064F5B7 /* math3d.cpp */ = {isa = PBXFileReference; fileEncoding = 4; lastKnownFileType = sourcecode.cpp.cpp; path = math3d.cpp; sourceTree = "<group>"; };
		F109181818EFFB4B0064F5B7 /* material.h */ = {isa = PBXFileReference; fileEncoding = 4; lastKnownFileType = sourcecode.c.h; path = material.h; sourceTree = "<group>"; };
		F109181918EFFB4B0064F5B7 /* mappedValues.h */ = {isa = PBXFileReference; fileEncoding = 4; lastKnownFileType = sourcecode.c.h; path = mappedValues.h; sourceTree = "<group>"; };
		F109181A18EFFB4B0064F5B7 /* main.cpp */ = {isa = PBXFileReference; fileEncoding = 4; lastKnownFileType = sourcecode.cpp.cpp; path = main.cpp; sourceTree = "<group>"; };
		F109181B18EFFB4B0064F5B7 /* lighting.h */ = {isa = PBXFileReference; fileEncoding = 4; lastKnownFileType = sourcecode.c.h; path = lighting.h; sourceTree = "<group>"; };
		F109181C18EFFB4B0064F5B7 /* lighting.cpp */ = {isa = PBXFileReference; fileEncoding = 4; lastKnownFileType = sourcecode.cpp.cpp; path = lighting.cpp; sourceTree = "<group>"; };
		F109181E18EFFB4B0064F5B7 /* glew32.lib */ = {isa = PBXFileReference; lastKnownFileType = archive.ar; path = glew32.lib; sourceTree = "<group>"; };
		F109181F18EFFB4B0064F5B7 /* glew32mx.lib */ = {isa = PBXFileReference; lastKnownFileType = archive.ar; path = glew32mx.lib; sourceTree = "<group>"; };
		F109182018EFFB4B0064F5B7 /* glew32mxs.lib */ = {isa = PBXFileReference; lastKnownFileType = archive.ar; path = glew32mxs.lib; sourceTree = "<group>"; };
		F109182118EFFB4B0064F5B7 /* glew32s.lib */ = {isa = PBXFileReference; lastKnownFileType = archive.ar; path = glew32s.lib; sourceTree = "<group>"; };
		F109182218EFFB4B0064F5B7 /* SDL2.lib */ = {isa = PBXFileReference; lastKnownFileType = archive.ar; path = SDL2.lib; sourceTree = "<group>"; };
		F109182318EFFB4B0064F5B7 /* SDL2main.lib */ = {isa = PBXFileReference; lastKnownFileType = archive.ar; path = SDL2main.lib; sourceTree = "<group>"; };
		F109182418EFFB4B0064F5B7 /* SDL2test.lib */ = {isa = PBXFileReference; lastKnownFileType = archive.ar; path = SDL2test.lib; sourceTree = "<group>"; };
		F109182518EFFB4B0064F5B7 /* input.h */ = {isa = PBXFileReference; fileEncoding = 4; lastKnownFileType = sourcecode.c.h; path = input.h; sourceTree = "<group>"; };
		F109182618EFFB4B0064F5B7 /* input.cpp */ = {isa = PBXFileReference; fileEncoding = 4; lastKnownFileType = sourcecode.cpp.cpp; path = input.cpp; sourceTree = "<group>"; };
		F109182918EFFB4B0064F5B7 /* glew.h */ = {isa = PBXFileReference; fileEncoding = 4; lastKnownFileType = sourcecode.c.h; path = glew.h; sourceTree = "<group>"; };
		F109182A18EFFB4B0064F5B7 /* glxew.h */ = {isa = PBXFileReference; fileEncoding = 4; lastKnownFileType = sourcecode.c.h; path = glxew.h; sourceTree = "<group>"; };
		F109182B18EFFB4B0064F5B7 /* wglew.h */ = {isa = PBXFileReference; fileEncoding = 4; lastKnownFileType = sourcecode.c.h; path = wglew.h; sourceTree = "<group>"; };
		F109182D18EFFB4B0064F5B7 /* begin_code.h */ = {isa = PBXFileReference; fileEncoding = 4; lastKnownFileType = sourcecode.c.h; path = begin_code.h; sourceTree = "<group>"; };
		F109182E18EFFB4B0064F5B7 /* close_code.h */ = {isa = PBXFileReference; fileEncoding = 4; lastKnownFileType = sourcecode.c.h; path = close_code.h; sourceTree = "<group>"; };
		F109182F18EFFB4B0064F5B7 /* SDL.h */ = {isa = PBXFileReference; fileEncoding = 4; lastKnownFileType = sourcecode.c.h; path = SDL.h; sourceTree = "<group>"; };
		F109183018EFFB4B0064F5B7 /* SDL_assert.h */ = {isa = PBXFileReference; fileEncoding = 4; lastKnownFileType = sourcecode.c.h; path = SDL_assert.h; sourceTree = "<group>"; };
		F109183118EFFB4B0064F5B7 /* SDL_atomic.h */ = {isa = PBXFileReference; fileEncoding = 4; lastKnownFileType = sourcecode.c.h; path = SDL_atomic.h; sourceTree = "<group>"; };
		F109183218EFFB4B0064F5B7 /* SDL_audio.h */ = {isa = PBXFileReference; fileEncoding = 4; lastKnownFileType = sourcecode.c.h; path = SDL_audio.h; sourceTree = "<group>"; };
		F109183318EFFB4B0064F5B7 /* SDL_bits.h */ = {isa = PBXFileReference; fileEncoding = 4; lastKnownFileType = sourcecode.c.h; path = SDL_bits.h; sourceTree = "<group>"; };
		F109183418EFFB4B0064F5B7 /* SDL_blendmode.h */ = {isa = PBXFileReference; fileEncoding = 4; lastKnownFileType = sourcecode.c.h; path = SDL_blendmode.h; sourceTree = "<group>"; };
		F109183518EFFB4B0064F5B7 /* SDL_clipboard.h */ = {isa = PBXFileReference; fileEncoding = 4; lastKnownFileType = sourcecode.c.h; path = SDL_clipboard.h; sourceTree = "<group>"; };
		F109183618EFFB4B0064F5B7 /* SDL_config.h */ = {isa = PBXFileReference; fileEncoding = 4; lastKnownFileType = sourcecode.c.h; path = SDL_config.h; sourceTree = "<group>"; };
		F109183718EFFB4B0064F5B7 /* SDL_cpuinfo.h */ = {isa = PBXFileReference; fileEncoding = 4; lastKnownFileType = sourcecode.c.h; path = SDL_cpuinfo.h; sourceTree = "<group>"; };
		F109183818EFFB4B0064F5B7 /* SDL_endian.h */ = {isa = PBXFileReference; fileEncoding = 4; lastKnownFileType = sourcecode.c.h; path = SDL_endian.h; sourceTree = "<group>"; };
		F109183918EFFB4B0064F5B7 /* SDL_error.h */ = {isa = PBXFileReference; fileEncoding = 4; lastKnownFileType = sourcecode.c.h; path = SDL_error.h; sourceTree = "<group>"; };
		F109183A18EFFB4B0064F5B7 /* SDL_events.h */ = {isa = PBXFileReference; fileEncoding = 4; lastKnownFileType = sourcecode.c.h; path = SDL_events.h; sourceTree = "<group>"; };
		F109183B18EFFB4B0064F5B7 /* SDL_gamecontroller.h */ = {isa = PBXFileReference; fileEncoding = 4; lastKnownFileType = sourcecode.c.h; path = SDL_gamecontroller.h; sourceTree = "<group>"; };
		F109183C18EFFB4B0064F5B7 /* SDL_gesture.h */ = {isa = PBXFileReference; fileEncoding = 4; lastKnownFileType = sourcecode.c.h; path = SDL_gesture.h; sourceTree = "<group>"; };
		F109183D18EFFB4B0064F5B7 /* SDL_haptic.h */ = {isa = PBXFileReference; fileEncoding = 4; lastKnownFileType = sourcecode.c.h; path = SDL_haptic.h; sourceTree = "<group>"; };
		F109183E18EFFB4B0064F5B7 /* SDL_hints.h */ = {isa = PBXFileReference; fileEncoding = 4; lastKnownFileType = sourcecode.c.h; path = SDL_hints.h; sourceTree = "<group>"; };
		F109183F18EFFB4B0064F5B7 /* SDL_joystick.h */ = {isa = PBXFileReference; fileEncoding = 4; lastKnownFileType = sourcecode.c.h; path = SDL_joystick.h; sourceTree = "<group>"; };
		F109184018EFFB4B0064F5B7 /* SDL_keyboard.h */ = {isa = PBXFileReference; fileEncoding = 4; lastKnownFileType = sourcecode.c.h; path = SDL_keyboard.h; sourceTree = "<group>"; };
		F109184118EFFB4B0064F5B7 /* SDL_keycode.h */ = {isa = PBXFileReference; fileEncoding = 4; lastKnownFileType = sourcecode.c.h; path = SDL_keycode.h; sourceTree = "<group>"; };
		F109184218EFFB4B0064F5B7 /* SDL_loadso.h */ = {isa = PBXFileReference; fileEncoding = 4; lastKnownFileType = sourcecode.c.h; path = SDL_loadso.h; sourceTree = "<group>"; };
		F109184318EFFB4B0064F5B7 /* SDL_log.h */ = {isa = PBXFileReference; fileEncoding = 4; lastKnownFileType = sourcecode.c.h; path = SDL_log.h; sourceTree = "<group>"; };
		F109184418EFFB4B0064F5B7 /* SDL_main.h */ = {isa = PBXFileReference; fileEncoding = 4; lastKnownFileType = sourcecode.c.h; path = SDL_main.h; sourceTree = "<group>"; };
		F109184518EFFB4B0064F5B7 /* SDL_messagebox.h */ = {isa = PBXFileReference; fileEncoding = 4; lastKnownFileType = sourcecode.c.h; path = SDL_messagebox.h; sourceTree = "<group>"; };
		F109184618EFFB4B0064F5B7 /* SDL_mouse.h */ = {isa = PBXFileReference; fileEncoding = 4; lastKnownFileType = sourcecode.c.h; path = SDL_mouse.h; sourceTree = "<group>"; };
		F109184718EFFB4B0064F5B7 /* SDL_mutex.h */ = {isa = PBXFileReference; fileEncoding = 4; lastKnownFileType = sourcecode.c.h; path = SDL_mutex.h; sourceTree = "<group>"; };
		F109184818EFFB4B0064F5B7 /* SDL_name.h */ = {isa = PBXFileReference; fileEncoding = 4; lastKnownFileType = sourcecode.c.h; path = SDL_name.h; sourceTree = "<group>"; };
		F109184918EFFB4B0064F5B7 /* SDL_opengl.h */ = {isa = PBXFileReference; fileEncoding = 4; lastKnownFileType = sourcecode.c.h; path = SDL_opengl.h; sourceTree = "<group>"; };
		F109184A18EFFB4B0064F5B7 /* SDL_opengles.h */ = {isa = PBXFileReference; fileEncoding = 4; lastKnownFileType = sourcecode.c.h; path = SDL_opengles.h; sourceTree = "<group>"; };
		F109184B18EFFB4B0064F5B7 /* SDL_opengles2.h */ = {isa = PBXFileReference; fileEncoding = 4; lastKnownFileType = sourcecode.c.h; path = SDL_opengles2.h; sourceTree = "<group>"; };
		F109184C18EFFB4B0064F5B7 /* SDL_pixels.h */ = {isa = PBXFileReference; fileEncoding = 4; lastKnownFileType = sourcecode.c.h; path = SDL_pixels.h; sourceTree = "<group>"; };
		F109184D18EFFB4B0064F5B7 /* SDL_platform.h */ = {isa = PBXFileReference; fileEncoding = 4; lastKnownFileType = sourcecode.c.h; path = SDL_platform.h; sourceTree = "<group>"; };
		F109184E18EFFB4B0064F5B7 /* SDL_power.h */ = {isa = PBXFileReference; fileEncoding = 4; lastKnownFileType = sourcecode.c.h; path = SDL_power.h; sourceTree = "<group>"; };
		F109184F18EFFB4B0064F5B7 /* SDL_quit.h */ = {isa = PBXFileReference; fileEncoding = 4; lastKnownFileType = sourcecode.c.h; path = SDL_quit.h; sourceTree = "<group>"; };
		F109185018EFFB4B0064F5B7 /* SDL_rect.h */ = {isa = PBXFileReference; fileEncoding = 4; lastKnownFileType = sourcecode.c.h; path = SDL_rect.h; sourceTree = "<group>"; };
		F109185118EFFB4B0064F5B7 /* SDL_render.h */ = {isa = PBXFileReference; fileEncoding = 4; lastKnownFileType = sourcecode.c.h; path = SDL_render.h; sourceTree = "<group>"; };
		F109185218EFFB4B0064F5B7 /* SDL_revision.h */ = {isa = PBXFileReference; fileEncoding = 4; lastKnownFileType = sourcecode.c.h; path = SDL_revision.h; sourceTree = "<group>"; };
		F109185318EFFB4B0064F5B7 /* SDL_rwops.h */ = {isa = PBXFileReference; fileEncoding = 4; lastKnownFileType = sourcecode.c.h; path = SDL_rwops.h; sourceTree = "<group>"; };
		F109185418EFFB4B0064F5B7 /* SDL_scancode.h */ = {isa = PBXFileReference; fileEncoding = 4; lastKnownFileType = sourcecode.c.h; path = SDL_scancode.h; sourceTree = "<group>"; };
		F109185518EFFB4B0064F5B7 /* SDL_shape.h */ = {isa = PBXFileReference; fileEncoding = 4; lastKnownFileType = sourcecode.c.h; path = SDL_shape.h; sourceTree = "<group>"; };
		F109185618EFFB4B0064F5B7 /* SDL_stdinc.h */ = {isa = PBXFileReference; fileEncoding = 4; lastKnownFileType = sourcecode.c.h; path = SDL_stdinc.h; sourceTree = "<group>"; };
		F109185718EFFB4B0064F5B7 /* SDL_surface.h */ = {isa = PBXFileReference; fileEncoding = 4; lastKnownFileType = sourcecode.c.h; path = SDL_surface.h; sourceTree = "<group>"; };
		F109185818EFFB4B0064F5B7 /* SDL_system.h */ = {isa = PBXFileReference; fileEncoding = 4; lastKnownFileType = sourcecode.c.h; path = SDL_system.h; sourceTree = "<group>"; };
		F109185918EFFB4B0064F5B7 /* SDL_syswm.h */ = {isa = PBXFileReference; fileEncoding = 4; lastKnownFileType = sourcecode.c.h; path = SDL_syswm.h; sourceTree = "<group>"; };
		F109185A18EFFB4B0064F5B7 /* SDL_test.h */ = {isa = PBXFileReference; fileEncoding = 4; lastKnownFileType = sourcecode.c.h; path = SDL_test.h; sourceTree = "<group>"; };
		F109185B18EFFB4B0064F5B7 /* SDL_test_assert.h */ = {isa = PBXFileReference; fileEncoding = 4; lastKnownFileType = sourcecode.c.h; path = SDL_test_assert.h; sourceTree = "<group>"; };
		F109185C18EFFB4B0064F5B7 /* SDL_test_common.h */ = {isa = PBXFileReference; fileEncoding = 4; lastKnownFileType = sourcecode.c.h; path = SDL_test_common.h; sourceTree = "<group>"; };
		F109185D18EFFB4B0064F5B7 /* SDL_test_compare.h */ = {isa = PBXFileReference; fileEncoding = 4; lastKnownFileType = sourcecode.c.h; path = SDL_test_compare.h; sourceTree = "<group>"; };
		F109185E18EFFB4B0064F5B7 /* SDL_test_crc32.h */ = {isa = PBXFileReference; fileEncoding = 4; lastKnownFileType = sourcecode.c.h; path = SDL_test_crc32.h; sourceTree = "<group>"; };
		F109185F18EFFB4B0064F5B7 /* SDL_test_font.h */ = {isa = PBXFileReference; fileEncoding = 4; lastKnownFileType = sourcecode.c.h; path = SDL_test_font.h; sourceTree = "<group>"; };
		F109186018EFFB4B0064F5B7 /* SDL_test_fuzzer.h */ = {isa = PBXFileReference; fileEncoding = 4; lastKnownFileType = sourcecode.c.h; path = SDL_test_fuzzer.h; sourceTree = "<group>"; };
		F109186118EFFB4B0064F5B7 /* SDL_test_harness.h */ = {isa = PBXFileReference; fileEncoding = 4; lastKnownFileType = sourcecode.c.h; path = SDL_test_harness.h; sourceTree = "<group>"; };
		F109186218EFFB4B0064F5B7 /* SDL_test_images.h */ = {isa = PBXFileReference; fileEncoding = 4; lastKnownFileType = sourcecode.c.h; path = SDL_test_images.h; sourceTree = "<group>"; };
		F109186318EFFB4B0064F5B7 /* SDL_test_log.h */ = {isa = PBXFileReference; fileEncoding = 4; lastKnownFileType = sourcecode.c.h; path = SDL_test_log.h; sourceTree = "<group>"; };
		F109186418EFFB4B0064F5B7 /* SDL_test_md5.h */ = {isa = PBXFileReference; fileEncoding = 4; lastKnownFileType = sourcecode.c.h; path = SDL_test_md5.h; sourceTree = "<group>"; };
		F109186518EFFB4B0064F5B7 /* SDL_test_random.h */ = {isa = PBXFileReference; fileEncoding = 4; lastKnownFileType = sourcecode.c.h; path = SDL_test_random.h; sourceTree = "<group>"; };
		F109186618EFFB4B0064F5B7 /* SDL_thread.h */ = {isa = PBXFileReference; fileEncoding = 4; lastKnownFileType = sourcecode.c.h; path = SDL_thread.h; sourceTree = "<group>"; };
		F109186718EFFB4B0064F5B7 /* SDL_timer.h */ = {isa = PBXFileReference; fileEncoding = 4; lastKnownFileType = sourcecode.c.h; path = SDL_timer.h; sourceTree = "<group>"; };
		F109186818EFFB4B0064F5B7 /* SDL_touch.h */ = {isa = PBXFileReference; fileEncoding = 4; lastKnownFileType = sourcecode.c.h; path = SDL_touch.h; sourceTree = "<group>"; };
		F109186918EFFB4B0064F5B7 /* SDL_types.h */ = {isa = PBXFileReference; fileEncoding = 4; lastKnownFileType = sourcecode.c.h; path = SDL_types.h; sourceTree = "<group>"; };
		F109186A18EFFB4B0064F5B7 /* SDL_version.h */ = {isa = PBXFileReference; fileEncoding = 4; lastKnownFileType = sourcecode.c.h; path = SDL_version.h; sourceTree = "<group>"; };
		F109186B18EFFB4B0064F5B7 /* SDL_video.h */ = {isa = PBXFileReference; fileEncoding = 4; lastKnownFileType = sourcecode.c.h; path = SDL_video.h; sourceTree = "<group>"; };
		F109186C18EFFB4B0064F5B7 /* gameObject.h */ = {isa = PBXFileReference; fileEncoding = 4; lastKnownFileType = sourcecode.c.h; path = gameObject.h; sourceTree = "<group>"; };
		F109186D18EFFB4B0064F5B7 /* gameObject.cpp */ = {isa = PBXFileReference; fileEncoding = 4; lastKnownFileType = sourcecode.cpp.cpp; path = gameObject.cpp; sourceTree = "<group>"; };
		F109186E18EFFB4B0064F5B7 /* gameComponent.h */ = {isa = PBXFileReference; fileEncoding = 4; lastKnownFileType = sourcecode.c.h; path = gameComponent.h; sourceTree = "<group>"; };
		F109186F18EFFB4B0064F5B7 /* game.h */ = {isa = PBXFileReference; fileEncoding = 4; lastKnownFileType = sourcecode.c.h; path = game.h; sourceTree = "<group>"; };
		F109187018EFFB4B0064F5B7 /* game.cpp */ = {isa = PBXFileReference; fileEncoding = 4; lastKnownFileType = sourcecode.cpp.cpp; path = game.cpp; sourceTree = "<group>"; };
		F109187118EFFB4B0064F5B7 /* freeMove.h */ = {isa = PBXFileReference; fileEncoding = 4; lastKnownFileType = sourcecode.c.h; path = freeMove.h; sourceTree = "<group>"; };
		F109187218EFFB4B0064F5B7 /* freeMove.cpp */ = {isa = PBXFileReference; fileEncoding = 4; lastKnownFileType = sourcecode.cpp.cpp; path = freeMove.cpp; sourceTree = "<group>"; };
		F109187318EFFB4B0064F5B7 /* freeLook.h */ = {isa = PBXFileReference; fileEncoding = 4; lastKnownFileType = sourcecode.c.h; path = freeLook.h; sourceTree = "<group>"; };
		F109187418EFFB4B0064F5B7 /* freeLook.cpp */ = {isa = PBXFileReference; fileEncoding = 4; lastKnownFileType = sourcecode.cpp.cpp; path = freeLook.cpp; sourceTree = "<group>"; };
		F109187518EFFB4B0064F5B7 /* coreEngine.h */ = {isa = PBXFileReference; fileEncoding = 4; lastKnownFileType = sourcecode.c.h; path = coreEngine.h; sourceTree = "<group>"; };
		F109187618EFFB4B0064F5B7 /* coreEngine.cpp */ = {isa = PBXFileReference; fileEncoding = 4; lastKnownFileType = sourcecode.cpp.cpp; path = coreEngine.cpp; sourceTree = "<group>"; };
		F109187718EFFB4B0064F5B7 /* camera.h */ = {isa = PBXFileReference; fileEncoding = 4; lastKnownFileType = sourcecode.c.h; path = camera.h; sourceTree = "<group>"; };
		F109187818EFFB4B0064F5B7 /* camera.cpp */ = {isa = PBXFileReference; fileEncoding = 4; lastKnownFileType = sourcecode.cpp.cpp; path = camera.cpp; sourceTree = "<group>"; };
		F109187918EFFB4B0064F5B7 /* 3DEngine.h */ = {isa = PBXFileReference; fileEncoding = 4; lastKnownFileType = sourcecode.c.h; path = 3DEngine.h; sourceTree = "<group>"; };
		F109217018F019D40064F5B7 /* time.h */ = {isa = PBXFileReference; fileEncoding = 4; lastKnownFileType = sourcecode.c.h; path = time.h; sourceTree = "<group>"; };
		F109217118F019D40064F5B7 /* time.cpp */ = {isa = PBXFileReference; fileEncoding = 4; lastKnownFileType = sourcecode.cpp.cpp; lineEnding = 0; path = time.cpp; sourceTree = "<group>"; };
		F11981CA18F1840C00AAD55F /* SDL2.framework */ = {isa = PBXFileReference; lastKnownFileType = wrapper.framework; path = SDL2.framework; sourceTree = "<group>"; };
		F13D7A7318E95F780034C54C /* 3DGameEngine */ = {isa = PBXFileReference; explicitFileType = "compiled.mach-o.executable"; includeInIndex = 0; path = 3DGameEngine; sourceTree = BUILT_PRODUCTS_DIR; };
		F13D7A7818E95F780034C54C /* test.1 */ = {isa = PBXFileReference; lastKnownFileType = text.man; path = test.1; sourceTree = "<group>"; };
		F1C9C86118F1437B006ADCF8 /* OpenGL.framework */ = {isa = PBXFileReference; lastKnownFileType = wrapper.framework; name = OpenGL.framework; path = Platforms/MacOSX.platform/Developer/SDKs/MacOSX10.8.sdk/System/Library/Frameworks/OpenGL.framework; sourceTree = DEVELOPER_DIR; };
		F1F5980118F142D40024FD1D /* libGLEW.1.10.0.dylib */ = {isa = PBXFileReference; lastKnownFileType = "compiled.mach-o.dylib"; path = libGLEW.1.10.0.dylib; sourceTree = "<group>"; };
/* End PBXFileReference section */

/* Begin PBXFrameworksBuildPhase section */
		F13D7A7018E95F780034C54C /* Frameworks */ = {
			isa = PBXFrameworksBuildPhase;
			buildActionMask = 2147483647;
			files = (
				F11981CB18F1840C00AAD55F /* SDL2.framework in Frameworks */,
				F1C9C86218F1437B006ADCF8 /* OpenGL.framework in Frameworks */,
				F1F5980218F142D40024FD1D /* libGLEW.1.10.0.dylib in Frameworks */,
			);
			runOnlyForDeploymentPostprocessing = 0;
		};
/* End PBXFrameworksBuildPhase section */

/* Begin PBXGroup section */
		F10917F218EFFB4A0064F5B7 /* res */ = {
			isa = PBXGroup;
			children = (
				F10917F318EFFB4A0064F5B7 /* models */,
				F10917F818EFFB4A0064F5B7 /* shaders */,
				F109180818EFFB4A0064F5B7 /* textures */,
			);
			path = res;
			sourceTree = "<group>";
		};
		F10917F318EFFB4A0064F5B7 /* models */ = {
			isa = PBXGroup;
			children = (
				F10917F418EFFB4A0064F5B7 /* levelTest.obj */,
				F10917F518EFFB4A0064F5B7 /* plane.obj */,
				F10917F618EFFB4A0064F5B7 /* plane2.obj */,
				F10917F718EFFB4A0064F5B7 /* plane3.obj */,
			);
			path = models;
			sourceTree = "<group>";
		};
		F10917F818EFFB4A0064F5B7 /* shaders */ = {
			isa = PBXGroup;
			children = (
				F10917F918EFFB4A0064F5B7 /* basicFragment.fs */,
				F10917FA18EFFB4A0064F5B7 /* basicFragment120.fs */,
				F10917FB18EFFB4A0064F5B7 /* basicVertex.vs */,
				F10917FC18EFFB4A0064F5B7 /* basicVertex120.vs */,
				F10917FD18EFFB4A0064F5B7 /* forward-ambient.fs */,
				F10917FE18EFFB4A0064F5B7 /* forward-ambient.vs */,
				F10917FF18EFFB4A0064F5B7 /* forward-directional.fs */,
				F109180018EFFB4A0064F5B7 /* forward-directional.vs */,
				F109180118EFFB4A0064F5B7 /* forward-point.fs */,
				F109180218EFFB4A0064F5B7 /* forward-point.vs */,
				F109180318EFFB4A0064F5B7 /* forward-spot.fs */,
				F109180418EFFB4A0064F5B7 /* forward-spot.vs */,
				F109180518EFFB4A0064F5B7 /* lighting.glh */,
				F109180618EFFB4A0064F5B7 /* phongFragment.fs */,
				F109180718EFFB4A0064F5B7 /* phongVertex.vs */,
			);
			path = shaders;
			sourceTree = "<group>";
		};
		F109180818EFFB4A0064F5B7 /* textures */ = {
			isa = PBXGroup;
			children = (
				F109180918EFFB4A0064F5B7 /* bricks.jpg */,
				F109180A18EFFB4A0064F5B7 /* test.png */,
				F109180B18EFFB4A0064F5B7 /* white.png */,
			);
			path = textures;
			sourceTree = "<group>";
		};
		F109181D18EFFB4B0064F5B7 /* lib */ = {
			isa = PBXGroup;
			children = (
				F109181E18EFFB4B0064F5B7 /* glew32.lib */,
				F109181F18EFFB4B0064F5B7 /* glew32mx.lib */,
				F109182018EFFB4B0064F5B7 /* glew32mxs.lib */,
				F109182118EFFB4B0064F5B7 /* glew32s.lib */,
				F109182218EFFB4B0064F5B7 /* SDL2.lib */,
				F109182318EFFB4B0064F5B7 /* SDL2main.lib */,
				F109182418EFFB4B0064F5B7 /* SDL2test.lib */,
			);
			path = lib;
			sourceTree = "<group>";
		};
		F109182718EFFB4B0064F5B7 /* include */ = {
			isa = PBXGroup;
			children = (
				F109182818EFFB4B0064F5B7 /* GL */,
				F109182C18EFFB4B0064F5B7 /* SDL2 */,
			);
			path = include;
			sourceTree = "<group>";
		};
		F109182818EFFB4B0064F5B7 /* GL */ = {
			isa = PBXGroup;
			children = (
				F109182918EFFB4B0064F5B7 /* glew.h */,
				F109182A18EFFB4B0064F5B7 /* glxew.h */,
				F109182B18EFFB4B0064F5B7 /* wglew.h */,
			);
			path = GL;
			sourceTree = "<group>";
		};
		F109182C18EFFB4B0064F5B7 /* SDL2 */ = {
			isa = PBXGroup;
			children = (
				F109182D18EFFB4B0064F5B7 /* begin_code.h */,
				F109182E18EFFB4B0064F5B7 /* close_code.h */,
				F109182F18EFFB4B0064F5B7 /* SDL.h */,
				F109183018EFFB4B0064F5B7 /* SDL_assert.h */,
				F109183118EFFB4B0064F5B7 /* SDL_atomic.h */,
				F109183218EFFB4B0064F5B7 /* SDL_audio.h */,
				F109183318EFFB4B0064F5B7 /* SDL_bits.h */,
				F109183418EFFB4B0064F5B7 /* SDL_blendmode.h */,
				F109183518EFFB4B0064F5B7 /* SDL_clipboard.h */,
				F109183618EFFB4B0064F5B7 /* SDL_config.h */,
				F109183718EFFB4B0064F5B7 /* SDL_cpuinfo.h */,
				F109183818EFFB4B0064F5B7 /* SDL_endian.h */,
				F109183918EFFB4B0064F5B7 /* SDL_error.h */,
				F109183A18EFFB4B0064F5B7 /* SDL_events.h */,
				F109183B18EFFB4B0064F5B7 /* SDL_gamecontroller.h */,
				F109183C18EFFB4B0064F5B7 /* SDL_gesture.h */,
				F109183D18EFFB4B0064F5B7 /* SDL_haptic.h */,
				F109183E18EFFB4B0064F5B7 /* SDL_hints.h */,
				F109183F18EFFB4B0064F5B7 /* SDL_joystick.h */,
				F109184018EFFB4B0064F5B7 /* SDL_keyboard.h */,
				F109184118EFFB4B0064F5B7 /* SDL_keycode.h */,
				F109184218EFFB4B0064F5B7 /* SDL_loadso.h */,
				F109184318EFFB4B0064F5B7 /* SDL_log.h */,
				F109184418EFFB4B0064F5B7 /* SDL_main.h */,
				F109184518EFFB4B0064F5B7 /* SDL_messagebox.h */,
				F109184618EFFB4B0064F5B7 /* SDL_mouse.h */,
				F109184718EFFB4B0064F5B7 /* SDL_mutex.h */,
				F109184818EFFB4B0064F5B7 /* SDL_name.h */,
				F109184918EFFB4B0064F5B7 /* SDL_opengl.h */,
				F109184A18EFFB4B0064F5B7 /* SDL_opengles.h */,
				F109184B18EFFB4B0064F5B7 /* SDL_opengles2.h */,
				F109184C18EFFB4B0064F5B7 /* SDL_pixels.h */,
				F109184D18EFFB4B0064F5B7 /* SDL_platform.h */,
				F109184E18EFFB4B0064F5B7 /* SDL_power.h */,
				F109184F18EFFB4B0064F5B7 /* SDL_quit.h */,
				F109185018EFFB4B0064F5B7 /* SDL_rect.h */,
				F109185118EFFB4B0064F5B7 /* SDL_render.h */,
				F109185218EFFB4B0064F5B7 /* SDL_revision.h */,
				F109185318EFFB4B0064F5B7 /* SDL_rwops.h */,
				F109185418EFFB4B0064F5B7 /* SDL_scancode.h */,
				F109185518EFFB4B0064F5B7 /* SDL_shape.h */,
				F109185618EFFB4B0064F5B7 /* SDL_stdinc.h */,
				F109185718EFFB4B0064F5B7 /* SDL_surface.h */,
				F109185818EFFB4B0064F5B7 /* SDL_system.h */,
				F109185918EFFB4B0064F5B7 /* SDL_syswm.h */,
				F109185A18EFFB4B0064F5B7 /* SDL_test.h */,
				F109185B18EFFB4B0064F5B7 /* SDL_test_assert.h */,
				F109185C18EFFB4B0064F5B7 /* SDL_test_common.h */,
				F109185D18EFFB4B0064F5B7 /* SDL_test_compare.h */,
				F109185E18EFFB4B0064F5B7 /* SDL_test_crc32.h */,
				F109185F18EFFB4B0064F5B7 /* SDL_test_font.h */,
				F109186018EFFB4B0064F5B7 /* SDL_test_fuzzer.h */,
				F109186118EFFB4B0064F5B7 /* SDL_test_harness.h */,
				F109186218EFFB4B0064F5B7 /* SDL_test_images.h */,
				F109186318EFFB4B0064F5B7 /* SDL_test_log.h */,
				F109186418EFFB4B0064F5B7 /* SDL_test_md5.h */,
				F109186518EFFB4B0064F5B7 /* SDL_test_random.h */,
				F109186618EFFB4B0064F5B7 /* SDL_thread.h */,
				F109186718EFFB4B0064F5B7 /* SDL_timer.h */,
				F109186818EFFB4B0064F5B7 /* SDL_touch.h */,
				F109186918EFFB4B0064F5B7 /* SDL_types.h */,
				F109186A18EFFB4B0064F5B7 /* SDL_version.h */,
				F109186B18EFFB4B0064F5B7 /* SDL_video.h */,
			);
			path = SDL2;
			sourceTree = "<group>";
		};
		F13D7A6A18E95F780034C54C = {
			isa = PBXGroup;
			children = (
				F11981CA18F1840C00AAD55F /* SDL2.framework */,
				F1C9C86118F1437B006ADCF8 /* OpenGL.framework */,
				F1F5980118F142D40024FD1D /* libGLEW.1.10.0.dylib */,
				F13D7A7518E95F780034C54C /* test */,
				F13D7A7418E95F780034C54C /* Products */,
			);
			sourceTree = "<group>";
		};
		F13D7A7418E95F780034C54C /* Products */ = {
			isa = PBXGroup;
			children = (
				F13D7A7318E95F780034C54C /* 3DGameEngine */,
			);
			name = Products;
			sourceTree = "<group>";
		};
		F13D7A7518E95F780034C54C /* test */ = {
			isa = PBXGroup;
			children = (
				F109217018F019D40064F5B7 /* time.h */,
				F109217118F019D40064F5B7 /* time.cpp */,
				F10917E318EFFB4A0064F5B7 /* window.h */,
				F10917E418EFFB4A0064F5B7 /* window.cpp */,
				F10917E518EFFB4A0064F5B7 /* vertex.h */,
				F10917E618EFFB4A0064F5B7 /* util.h */,
				F10917E718EFFB4A0064F5B7 /* util.cpp */,
				F10917E818EFFB4A0064F5B7 /* transform.h */,
				F10917E918EFFB4A0064F5B7 /* transform.cpp */,
				F10917EA18EFFB4A0064F5B7 /* texture.h */,
				F10917EB18EFFB4A0064F5B7 /* texture.cpp */,
				F10917EC18EFFB4A0064F5B7 /* stb_image.h */,
				F10917ED18EFFB4A0064F5B7 /* stb_image.c */,
				F10917EE18EFFB4A0064F5B7 /* shader.h */,
				F10917EF18EFFB4A0064F5B7 /* shader.cpp */,
				F10917F018EFFB4A0064F5B7 /* sdl_backend.h */,
				F10917F118EFFB4A0064F5B7 /* sdl_backend.cpp */,
				F10917F218EFFB4A0064F5B7 /* res */,
				F109180C18EFFB4A0064F5B7 /* renderUtil.h */,
				F109180D18EFFB4A0064F5B7 /* renderUtil.cpp */,
				F109180E18EFFB4A0064F5B7 /* renderingEngine.h */,
				F109180F18EFFB4A0064F5B7 /* renderingEngine.cpp */,
				F109181018EFFB4A0064F5B7 /* referenceCounter.h */,
				F109181118EFFB4A0064F5B7 /* obj_loader.h */,
				F109181218EFFB4A0064F5B7 /* obj_loader.cpp */,
				F109181318EFFB4A0064F5B7 /* meshRenderer.h */,
				F109181418EFFB4A0064F5B7 /* mesh.h */,
				F109181518EFFB4A0064F5B7 /* mesh.cpp */,
				F109181618EFFB4B0064F5B7 /* math3d.h */,
				F109181718EFFB4B0064F5B7 /* math3d.cpp */,
				F109181818EFFB4B0064F5B7 /* material.h */,
				F109181918EFFB4B0064F5B7 /* mappedValues.h */,
				F109181A18EFFB4B0064F5B7 /* main.cpp */,
				F109181B18EFFB4B0064F5B7 /* lighting.h */,
				F109181C18EFFB4B0064F5B7 /* lighting.cpp */,
				F109181D18EFFB4B0064F5B7 /* lib */,
				F109182518EFFB4B0064F5B7 /* input.h */,
				F109182618EFFB4B0064F5B7 /* input.cpp */,
				F109182718EFFB4B0064F5B7 /* include */,
				F109186C18EFFB4B0064F5B7 /* gameObject.h */,
				F109186D18EFFB4B0064F5B7 /* gameObject.cpp */,
				F109186E18EFFB4B0064F5B7 /* gameComponent.h */,
				F109186F18EFFB4B0064F5B7 /* game.h */,
				F109187018EFFB4B0064F5B7 /* game.cpp */,
				F109187118EFFB4B0064F5B7 /* freeMove.h */,
				F109187218EFFB4B0064F5B7 /* freeMove.cpp */,
				F109187318EFFB4B0064F5B7 /* freeLook.h */,
				F109187418EFFB4B0064F5B7 /* freeLook.cpp */,
				F109187518EFFB4B0064F5B7 /* coreEngine.h */,
				F109187618EFFB4B0064F5B7 /* coreEngine.cpp */,
				F109187718EFFB4B0064F5B7 /* camera.h */,
				F109187818EFFB4B0064F5B7 /* camera.cpp */,
				F109187918EFFB4B0064F5B7 /* 3DEngine.h */,
				F13D7A7818E95F780034C54C /* test.1 */,
			);
			path = test;
			sourceTree = "<group>";
		};
/* End PBXGroup section */

/* Begin PBXNativeTarget section */
		F13D7A7218E95F780034C54C /* 3DGameEngine */ = {
			isa = PBXNativeTarget;
			buildConfigurationList = F13D7A7C18E95F780034C54C /* Build configuration list for PBXNativeTarget "3DGameEngine" */;
			buildPhases = (
				F13D7A6F18E95F780034C54C /* Sources */,
				F13D7A7018E95F780034C54C /* Frameworks */,
				F13D7A7118E95F780034C54C /* CopyFiles */,
			);
			buildRules = (
			);
			dependencies = (
			);
			name = 3DGameEngine;
			productName = test;
			productReference = F13D7A7318E95F780034C54C /* 3DGameEngine */;
			productType = "com.apple.product-type.tool";
		};
/* End PBXNativeTarget section */

/* Begin PBXProject section */
		F13D7A6B18E95F780034C54C /* Project object */ = {
			isa = PBXProject;
			attributes = {
				LastUpgradeCheck = 0500;
				ORGANIZATIONNAME = "bennybox&marko5049";
			};
			buildConfigurationList = F13D7A6E18E95F780034C54C /* Build configuration list for PBXProject "3DGameEngine" */;
			compatibilityVersion = "Xcode 3.2";
			developmentRegion = English;
			hasScannedForEncodings = 0;
			knownRegions = (
				en,
			);
			mainGroup = F13D7A6A18E95F780034C54C;
			productRefGroup = F13D7A7418E95F780034C54C /* Products */;
			projectDirPath = "";
			projectRoot = "";
			targets = (
				F13D7A7218E95F780034C54C /* 3DGameEngine */,
			);
		};
/* End PBXProject section */

/* Begin PBXSourcesBuildPhase section */
		F13D7A6F18E95F780034C54C /* Sources */ = {
			isa = PBXSourcesBuildPhase;
			buildActionMask = 2147483647;
			files = (
				F1ACB61E18F0F38700A016EA /* glew32.lib in Sources */,
				F1ACB61F18F0F38700A016EA /* glew32mx.lib in Sources */,
				F1ACB62018F0F38700A016EA /* glew32mxs.lib in Sources */,
				F1ACB62118F0F38700A016EA /* glew32s.lib in Sources */,
				F1ACB62218F0F38700A016EA /* SDL2.lib in Sources */,
				F1ACB62318F0F38700A016EA /* SDL2main.lib in Sources */,
				F1ACB62418F0F38700A016EA /* SDL2test.lib in Sources */,
				F109189018EFFB4B0064F5B7 /* renderingEngine.cpp in Sources */,
				F109187F18EFFB4B0064F5B7 /* shader.cpp in Sources */,
				F109189D18EFFB4B0064F5B7 /* input.cpp in Sources */,
				F10918A318EFFB4B0064F5B7 /* camera.cpp in Sources */,
				F109189318EFFB4B0064F5B7 /* math3d.cpp in Sources */,
				F109189118EFFB4B0064F5B7 /* obj_loader.cpp in Sources */,
				F109188018EFFB4B0064F5B7 /* sdl_backend.cpp in Sources */,
				F109187A18EFFB4B0064F5B7 /* window.cpp in Sources */,
				F109187C18EFFB4B0064F5B7 /* transform.cpp in Sources */,
				F10918A018EFFB4B0064F5B7 /* freeMove.cpp in Sources */,
				F109189E18EFFB4B0064F5B7 /* gameObject.cpp in Sources */,
				F109187B18EFFB4B0064F5B7 /* util.cpp in Sources */,
				F109189218EFFB4B0064F5B7 /* mesh.cpp in Sources */,
				F109187D18EFFB4B0064F5B7 /* texture.cpp in Sources */,
				F10918A218EFFB4B0064F5B7 /* coreEngine.cpp in Sources */,
				F109217218F019D40064F5B7 /* time.cpp in Sources */,
				F109189F18EFFB4B0064F5B7 /* game.cpp in Sources */,
				F109188F18EFFB4B0064F5B7 /* renderUtil.cpp in Sources */,
				F109189418EFFB4B0064F5B7 /* main.cpp in Sources */,
				F10918A118EFFB4B0064F5B7 /* freeLook.cpp in Sources */,
				F109189518EFFB4B0064F5B7 /* lighting.cpp in Sources */,
				F109187E18EFFB4B0064F5B7 /* stb_image.c in Sources */,
			);
			runOnlyForDeploymentPostprocessing = 0;
		};
/* End PBXSourcesBuildPhase section */

/* Begin XCBuildConfiguration section */
		F13D7A7A18E95F780034C54C /* Debug */ = {
			isa = XCBuildConfiguration;
			buildSettings = {
				ALWAYS_SEARCH_USER_PATHS = NO;
				ARCHS = "$(ARCHS_STANDARD_32_64_BIT)";
				CLANG_CXX_LANGUAGE_STANDARD = "gnu++0x";
				CLANG_CXX_LIBRARY = "libc++";
				CLANG_ENABLE_OBJC_ARC = YES;
				CLANG_WARN_BOOL_CONVERSION = YES;
				CLANG_WARN_CONSTANT_CONVERSION = YES;
				CLANG_WARN_DIRECT_OBJC_ISA_USAGE = YES_ERROR;
				CLANG_WARN_EMPTY_BODY = YES;
				CLANG_WARN_ENUM_CONVERSION = YES;
				CLANG_WARN_INT_CONVERSION = YES;
				CLANG_WARN_OBJC_ROOT_CLASS = YES_ERROR;
				CLANG_WARN__DUPLICATE_METHOD_MATCH = YES;
				COPY_PHASE_STRIP = NO;
				FRAMEWORK_SEARCH_PATHS = "$(inherited)";
				GCC_C_LANGUAGE_STANDARD = gnu99;
				GCC_DYNAMIC_NO_PIC = NO;
				GCC_ENABLE_OBJC_EXCEPTIONS = YES;
				GCC_OPTIMIZATION_LEVEL = 0;
				GCC_PREPROCESSOR_DEFINITIONS = (
					"DEBUG=1",
					"$(inherited)",
				);
				GCC_SYMBOLS_PRIVATE_EXTERN = NO;
				GCC_WARN_64_TO_32_BIT_CONVERSION = YES;
				GCC_WARN_ABOUT_RETURN_TYPE = YES_ERROR;
				GCC_WARN_UNDECLARED_SELECTOR = YES;
				GCC_WARN_UNINITIALIZED_AUTOS = YES;
				GCC_WARN_UNUSED_FUNCTION = YES;
				GCC_WARN_UNUSED_VARIABLE = YES;
				MACOSX_DEPLOYMENT_TARGET = 10.9;
				ONLY_ACTIVE_ARCH = YES;
				SDKROOT = macosx10.9;
			};
			name = Debug;
		};
		F13D7A7B18E95F780034C54C /* Release */ = {
			isa = XCBuildConfiguration;
			buildSettings = {
				ALWAYS_SEARCH_USER_PATHS = NO;
				ARCHS = "$(ARCHS_STANDARD_32_64_BIT)";
				CLANG_CXX_LANGUAGE_STANDARD = "gnu++0x";
				CLANG_CXX_LIBRARY = "libc++";
				CLANG_ENABLE_OBJC_ARC = YES;
				CLANG_WARN_BOOL_CONVERSION = YES;
				CLANG_WARN_CONSTANT_CONVERSION = YES;
				CLANG_WARN_DIRECT_OBJC_ISA_USAGE = YES_ERROR;
				CLANG_WARN_EMPTY_BODY = YES;
				CLANG_WARN_ENUM_CONVERSION = YES;
				CLANG_WARN_INT_CONVERSION = YES;
				CLANG_WARN_OBJC_ROOT_CLASS = YES_ERROR;
				CLANG_WARN__DUPLICATE_METHOD_MATCH = YES;
				COPY_PHASE_STRIP = YES;
				DEBUG_INFORMATION_FORMAT = "dwarf-with-dsym";
				ENABLE_NS_ASSERTIONS = NO;
				GCC_C_LANGUAGE_STANDARD = gnu99;
				GCC_ENABLE_OBJC_EXCEPTIONS = YES;
				GCC_WARN_64_TO_32_BIT_CONVERSION = YES;
				GCC_WARN_ABOUT_RETURN_TYPE = YES_ERROR;
				GCC_WARN_UNDECLARED_SELECTOR = YES;
				GCC_WARN_UNINITIALIZED_AUTOS = YES;
				GCC_WARN_UNUSED_FUNCTION = YES;
				GCC_WARN_UNUSED_VARIABLE = YES;
				MACOSX_DEPLOYMENT_TARGET = 10.9;
				SDKROOT = macosx10.9;
			};
			name = Release;
		};
		F13D7A7D18E95F780034C54C /* Debug */ = {
			isa = XCBuildConfiguration;
			buildSettings = {
				ARCHS = "$(NATIVE_ARCH_ACTUAL)";
				CLANG_CXX_LANGUAGE_STANDARD = "gnu++0x";
				CLANG_CXX_LIBRARY = "libc++";
				FRAMEWORK_SEARCH_PATHS = (
					"$(inherited)",
					"$(PROJECT_DIR)",
				);
				HEADER_SEARCH_PATHS = (
					"$(inherited)",
					"$(PROJECT_DIR)",
				);
				LIBRARY_SEARCH_PATHS = (
					"$(inherited)",
					"$(PROJECT_DIR)",
				);
				MACH_O_TYPE = mh_execute;
				MACOSX_DEPLOYMENT_TARGET = 10.9;
				OTHER_LDFLAGS = "";
				PRODUCT_NAME = 3DGameEngine;
				SDKROOT = macosx10.9;
			};
			name = Debug;
		};
		F13D7A7E18E95F780034C54C /* Release */ = {
			isa = XCBuildConfiguration;
			buildSettings = {
				ARCHS = "$(NATIVE_ARCH_ACTUAL)";
				CLANG_CXX_LANGUAGE_STANDARD = "gnu++0x";
				CLANG_CXX_LIBRARY = "libc++";
				FRAMEWORK_SEARCH_PATHS = (
					"$(inherited)",
					"$(PROJECT_DIR)",
				);
				HEADER_SEARCH_PATHS = (
					"$(inherited)",
					"$(PROJECT_DIR)",
				);
				LIBRARY_SEARCH_PATHS = (
					"$(inherited)",
					"$(PROJECT_DIR)",
				);
				MACH_O_TYPE = mh_execute;
				MACOSX_DEPLOYMENT_TARGET = 10.9;
				OTHER_LDFLAGS = "";
				PRODUCT_NAME = 3DGameEngine;
				SDKROOT = macosx10.9;
			};
			name = Release;
		};
/* End XCBuildConfiguration section */

/* Begin XCConfigurationList section */
		F13D7A6E18E95F780034C54C /* Build configuration list for PBXProject "3DGameEngine" */ = {
			isa = XCConfigurationList;
			buildConfigurations = (
				F13D7A7A18E95F780034C54C /* Debug */,
				F13D7A7B18E95F780034C54C /* Release */,
			);
			defaultConfigurationIsVisible = 0;
			defaultConfigurationName = Release;
		};
		F13D7A7C18E95F780034C54C /* Build configuration list for PBXNativeTarget "3DGameEngine" */ = {
			isa = XCConfigurationList;
			buildConfigurations = (
				F13D7A7D18E95F780034C54C /* Debug */,
				F13D7A7E18E95F780034C54C /* Release */,
			);
			defaultConfigurationIsVisible = 0;
			defaultConfigurationName = Release;
		};
/* End XCConfigurationList section */
	};
	rootObject = F13D7A6B18E95F780034C54C /* Project object */;
}
